
Microsoft Visual Studio Solution File, Format Version 12.00
# Visual Studio 15
VisualStudioVersion = 15.0.28010.2019
MinimumVisualStudioVersion = 10.0.40219.1
Project("{8BC9CEB8-8B4A-11D0-8D11-00A0C91BC942}") = "Exerc1084", "Exerc1084\Exerc1084.vcxproj", "{C5AAAF32-65B8-4C27-8A5D-4626657B03A0}"
EndProject
Global
	GlobalSection(SolutionConfigurationPlatforms) = preSolution
		Debug|x64 = Debug|x64
		Debug|x86 = Debug|x86
		Release|x64 = Release|x64
		Release|x86 = Release|x86
	EndGlobalSection
	GlobalSection(ProjectConfigurationPlatforms) = postSolution
		{C5AAAF32-65B8-4C27-8A5D-4626657B03A0}.Debug|x64.ActiveCfg = Debug|x64
		{C5AAAF32-65B8-4C27-8A5D-4626657B03A0}.Debug|x64.Build.0 = Debug|x64
		{C5AAAF32-65B8-4C27-8A5D-4626657B03A0}.Debug|x86.ActiveCfg = Debug|Win32
		{C5AAAF32-65B8-4C27-8A5D-4626657B03A0}.Debug|x86.Build.0 = Debug|Win32
		{C5AAAF32-65B8-4C27-8A5D-4626657B03A0}.Release|x64.ActiveCfg = Release|x64
		{C5AAAF32-65B8-4C27-8A5D-4626657B03A0}.Release|x64.Build.0 = Release|x64
		{C5AAAF32-65B8-4C27-8A5D-4626657B03A0}.Release|x86.ActiveCfg = Release|Win32
		{C5AAAF32-65B8-4C27-8A5D-4626657B03A0}.Release|x86.Build.0 = Release|Win32
	EndGlobalSection
	GlobalSection(SolutionProperties) = preSolution
		HideSolutionNode = FALSE
	EndGlobalSection
	GlobalSection(ExtensibilityGlobals) = postSolution
		SolutionGuid = {66C1FA15-E0DB-4F9B-BD67-0F336F09FC65}
	EndGlobalSection
EndGlobal
